
Microsoft Visual Studio Solution File, Format Version 12.00
# Visual Studio Version 16
VisualStudioVersion = 16.0.29709.97
MinimumVisualStudioVersion = 10.0.40219.1
Project("{FAE04EC0-301F-11D3-BF4B-00C04F79EFBC}") = "StatusDisplayClient", "StatusDisplayClient.csproj", "{7A0CE599-A872-4252-97C8-7535AA852158}"
EndProject
Global
	GlobalSection(SolutionConfigurationPlatforms) = preSolution
		Debug|Any CPU = Debug|Any CPU
		Release|Any CPU = Release|Any CPU
	EndGlobalSection
	GlobalSection(ProjectConfigurationPlatforms) = postSolution
		{7A0CE599-A872-4252-97C8-7535AA852158}.Debug|Any CPU.ActiveCfg = Debug|Any CPU
		{7A0CE599-A872-4252-97C8-7535AA852158}.Debug|Any CPU.Build.0 = Debug|Any CPU
		{7A0CE599-A872-4252-97C8-7535AA852158}.Release|Any CPU.ActiveCfg = Release|Any CPU
		{7A0CE599-A872-4252-97C8-7535AA852158}.Release|Any CPU.Build.0 = Release|Any CPU
	EndGlobalSection
	GlobalSection(SolutionProperties) = preSolution
		HideSolutionNode = FALSE
	EndGlobalSection
	GlobalSection(ExtensibilityGlobals) = postSolution
		SolutionGuid = {32440C87-F934-4051-A7A0-9981A8F1825A}
	EndGlobalSection
EndGlobal
